// !$*UTF8*$!
{
	archiveVersion = 1;
	classes = {
	};
	objectVersion = 46;
	objects = {

/* Begin PBXBuildFile section */
		A448FF031D1626B90076F3FA /* main.m in Sources */ = {isa = PBXBuildFile; fileRef = A448FF021D1626B90076F3FA /* main.m */; };
		A448FF061D1626B90076F3FA /* AppDelegate.m in Sources */ = {isa = PBXBuildFile; fileRef = A448FF051D1626B90076F3FA /* AppDelegate.m */; };
		A448FF091D1626B90076F3FA /* ViewController.m in Sources */ = {isa = PBXBuildFile; fileRef = A448FF081D1626B90076F3FA /* ViewController.m */; };
		A448FF0C1D1626B90076F3FA /* Main.storyboard in Resources */ = {isa = PBXBuildFile; fileRef = A448FF0A1D1626B90076F3FA /* Main.storyboard */; };
		A448FF0E1D1626B90076F3FA /* Assets.xcassets in Resources */ = {isa = PBXBuildFile; fileRef = A448FF0D1D1626B90076F3FA /* Assets.xcassets */; };
		A448FF111D1626B90076F3FA /* LaunchScreen.storyboard in Resources */ = {isa = PBXBuildFile; fileRef = A448FF0F1D1626B90076F3FA /* LaunchScreen.storyboard */; };
		A448FF1C1D1626B90076F3FA /* LLNavigationTests.m in Sources */ = {isa = PBXBuildFile; fileRef = A448FF1B1D1626B90076F3FA /* LLNavigationTests.m */; };
		A448FF271D1626B90076F3FA /* LLNavigationUITests.m in Sources */ = {isa = PBXBuildFile; fileRef = A448FF261D1626B90076F3FA /* LLNavigationUITests.m */; };
		A448FF3A1D16271B0076F3FA /* LLNavigationView.m in Sources */ = {isa = PBXBuildFile; fileRef = A448FF391D16271B0076F3FA /* LLNavigationView.m */; };
		A448FF401D162CEB0076F3FA /* LLNavigationViewController.m in Sources */ = {isa = PBXBuildFile; fileRef = A448FF3F1D162CEB0076F3FA /* LLNavigationViewController.m */; };
/* End PBXBuildFile section */

/* Begin PBXContainerItemProxy section */
		A448FF181D1626B90076F3FA /* PBXContainerItemProxy */ = {
			isa = PBXContainerItemProxy;
			containerPortal = A448FEF61D1626B90076F3FA /* Project object */;
			proxyType = 1;
			remoteGlobalIDString = A448FEFD1D1626B90076F3FA;
			remoteInfo = LLNavigation;
		};
		A448FF231D1626B90076F3FA /* PBXContainerItemProxy */ = {
			isa = PBXContainerItemProxy;
			containerPortal = A448FEF61D1626B90076F3FA /* Project object */;
			proxyType = 1;
			remoteGlobalIDString = A448FEFD1D1626B90076F3FA;
			remoteInfo = LLNavigation;
		};
/* End PBXContainerItemProxy section */

/* Begin PBXFileReference section */
		A448FEFE1D1626B90076F3FA /* LLNavigation.app */ = {isa = PBXFileReference; explicitFileType = wrapper.application; includeInIndex = 0; path = LLNavigation.app; sourceTree = BUILT_PRODUCTS_DIR; };
		A448FF021D1626B90076F3FA /* main.m */ = {isa = PBXFileReference; lastKnownFileType = sourcecode.c.objc; path = main.m; sourceTree = "<group>"; };
		A448FF041D1626B90076F3FA /* AppDelegate.h */ = {isa = PBXFileReference; lastKnownFileType = sourcecode.c.h; path = AppDelegate.h; sourceTree = "<group>"; };
		A448FF051D1626B90076F3FA /* AppDelegate.m */ = {isa = PBXFileReference; lastKnownFileType = sourcecode.c.objc; path = AppDelegate.m; sourceTree = "<group>"; };
		A448FF071D1626B90076F3FA /* ViewController.h */ = {isa = PBXFileReference; lastKnownFileType = sourcecode.c.h; path = ViewController.h; sourceTree = "<group>"; };
		A448FF081D1626B90076F3FA /* ViewController.m */ = {isa = PBXFileReference; lastKnownFileType = sourcecode.c.objc; path = ViewController.m; sourceTree = "<group>"; };
		A448FF0B1D1626B90076F3FA /* Base */ = {isa = PBXFileReference; lastKnownFileType = file.storyboard; name = Base; path = Base.lproj/Main.storyboard; sourceTree = "<group>"; };
		A448FF0D1D1626B90076F3FA /* Assets.xcassets */ = {isa = PBXFileReference; lastKnownFileType = folder.assetcatalog; path = Assets.xcassets; sourceTree = "<group>"; };
		A448FF101D1626B90076F3FA /* Base */ = {isa = PBXFileReference; lastKnownFileType = file.storyboard; name = Base; path = Base.lproj/LaunchScreen.storyboard; sourceTree = "<group>"; };
		A448FF121D1626B90076F3FA /* Info.plist */ = {isa = PBXFileReference; lastKnownFileType = text.plist.xml; path = Info.plist; sourceTree = "<group>"; };
		A448FF171D1626B90076F3FA /* LLNavigationTests.xctest */ = {isa = PBXFileReference; explicitFileType = wrapper.cfbundle; includeInIndex = 0; path = LLNavigationTests.xctest; sourceTree = BUILT_PRODUCTS_DIR; };
		A448FF1B1D1626B90076F3FA /* LLNavigationTests.m */ = {isa = PBXFileReference; lastKnownFileType = sourcecode.c.objc; path = LLNavigationTests.m; sourceTree = "<group>"; };
		A448FF1D1D1626B90076F3FA /* Info.plist */ = {isa = PBXFileReference; lastKnownFileType = text.plist.xml; path = Info.plist; sourceTree = "<group>"; };
		A448FF221D1626B90076F3FA /* LLNavigationUITests.xctest */ = {isa = PBXFileReference; explicitFileType = wrapper.cfbundle; includeInIndex = 0; path = LLNavigationUITests.xctest; sourceTree = BUILT_PRODUCTS_DIR; };
		A448FF261D1626B90076F3FA /* LLNavigationUITests.m */ = {isa = PBXFileReference; lastKnownFileType = sourcecode.c.objc; path = LLNavigationUITests.m; sourceTree = "<group>"; };
		A448FF281D1626B90076F3FA /* Info.plist */ = {isa = PBXFileReference; lastKnownFileType = text.plist.xml; path = Info.plist; sourceTree = "<group>"; };
		A448FF381D16271B0076F3FA /* LLNavigationView.h */ = {isa = PBXFileReference; fileEncoding = 4; lastKnownFileType = sourcecode.c.h; path = LLNavigationView.h; sourceTree = "<group>"; };
		A448FF391D16271B0076F3FA /* LLNavigationView.m */ = {isa = PBXFileReference; fileEncoding = 4; lastKnownFileType = sourcecode.c.objc; path = LLNavigationView.m; sourceTree = "<group>"; };
		A448FF3E1D162CEB0076F3FA /* LLNavigationViewController.h */ = {isa = PBXFileReference; fileEncoding = 4; lastKnownFileType = sourcecode.c.h; path = LLNavigationViewController.h; sourceTree = "<group>"; };
		A448FF3F1D162CEB0076F3FA /* LLNavigationViewController.m */ = {isa = PBXFileReference; fileEncoding = 4; lastKnownFileType = sourcecode.c.objc; path = LLNavigationViewController.m; sourceTree = "<group>"; };
/* End PBXFileReference section */

/* Begin PBXFrameworksBuildPhase section */
		A448FEFB1D1626B90076F3FA /* Frameworks */ = {
			isa = PBXFrameworksBuildPhase;
			buildActionMask = 2147483647;
			files = (
			);
			runOnlyForDeploymentPostprocessing = 0;
		};
		A448FF141D1626B90076F3FA /* Frameworks */ = {
			isa = PBXFrameworksBuildPhase;
			buildActionMask = 2147483647;
			files = (
			);
			runOnlyForDeploymentPostprocessing = 0;
		};
		A448FF1F1D1626B90076F3FA /* Frameworks */ = {
			isa = PBXFrameworksBuildPhase;
			buildActionMask = 2147483647;
			files = (
			);
			runOnlyForDeploymentPostprocessing = 0;
		};
/* End PBXFrameworksBuildPhase section */

/* Begin PBXGroup section */
		A448FEF51D1626B90076F3FA = {
			isa = PBXGroup;
			children = (
				A448FF001D1626B90076F3FA /* LLNavigation */,
				A448FF1A1D1626B90076F3FA /* LLNavigationTests */,
				A448FF251D1626B90076F3FA /* LLNavigationUITests */,
				A448FEFF1D1626B90076F3FA /* Products */,
			);
			sourceTree = "<group>";
		};
		A448FEFF1D1626B90076F3FA /* Products */ = {
			isa = PBXGroup;
			children = (
				A448FEFE1D1626B90076F3FA /* LLNavigation.app */,
				A448FF171D1626B90076F3FA /* LLNavigationTests.xctest */,
				A448FF221D1626B90076F3FA /* LLNavigationUITests.xctest */,
			);
			name = Products;
			sourceTree = "<group>";
		};
		A448FF001D1626B90076F3FA /* LLNavigation */ = {
			isa = PBXGroup;
			children = (
				A448FF341D1626C80076F3FA /* LLNavigationView */,
				A448FF041D1626B90076F3FA /* AppDelegate.h */,
				A448FF051D1626B90076F3FA /* AppDelegate.m */,
				A448FF071D1626B90076F3FA /* ViewController.h */,
				A448FF081D1626B90076F3FA /* ViewController.m */,
				A448FF3E1D162CEB0076F3FA /* LLNavigationViewController.h */,
				A448FF3F1D162CEB0076F3FA /* LLNavigationViewController.m */,
				A448FF0A1D1626B90076F3FA /* Main.storyboard */,
				A448FF0D1D1626B90076F3FA /* Assets.xcassets */,
				A448FF0F1D1626B90076F3FA /* LaunchScreen.storyboard */,
				A448FF121D1626B90076F3FA /* Info.plist */,
				A448FF011D1626B90076F3FA /* Supporting Files */,
			);
			path = LLNavigation;
			sourceTree = "<group>";
		};
		A448FF011D1626B90076F3FA /* Supporting Files */ = {
			isa = PBXGroup;
			children = (
				A448FF021D1626B90076F3FA /* main.m */,
			);
			name = "Supporting Files";
			sourceTree = "<group>";
		};
		A448FF1A1D1626B90076F3FA /* LLNavigationTests */ = {
			isa = PBXGroup;
			children = (
				A448FF1B1D1626B90076F3FA /* LLNavigationTests.m */,
				A448FF1D1D1626B90076F3FA /* Info.plist */,
			);
			path = LLNavigationTests;
			sourceTree = "<group>";
		};
		A448FF251D1626B90076F3FA /* LLNavigationUITests */ = {
			isa = PBXGroup;
			children = (
				A448FF261D1626B90076F3FA /* LLNavigationUITests.m */,
				A448FF281D1626B90076F3FA /* Info.plist */,
			);
			path = LLNavigationUITests;
			sourceTree = "<group>";
		};
		A448FF341D1626C80076F3FA /* LLNavigationView */ = {
			isa = PBXGroup;
			children = (
				A448FF381D16271B0076F3FA /* LLNavigationView.h */,
				A448FF391D16271B0076F3FA /* LLNavigationView.m */,
			);
			path = LLNavigationView;
			sourceTree = "<group>";
		};
/* End PBXGroup section */

/* Begin PBXNativeTarget section */
		A448FEFD1D1626B90076F3FA /* LLNavigation */ = {
			isa = PBXNativeTarget;
			buildConfigurationList = A448FF2B1D1626B90076F3FA /* Build configuration list for PBXNativeTarget "LLNavigation" */;
			buildPhases = (
				A448FEFA1D1626B90076F3FA /* Sources */,
				A448FEFB1D1626B90076F3FA /* Frameworks */,
				A448FEFC1D1626B90076F3FA /* Resources */,
			);
			buildRules = (
			);
			dependencies = (
			);
			name = LLNavigation;
			productName = LLNavigation;
			productReference = A448FEFE1D1626B90076F3FA /* LLNavigation.app */;
			productType = "com.apple.product-type.application";
		};
		A448FF161D1626B90076F3FA /* LLNavigationTests */ = {
			isa = PBXNativeTarget;
			buildConfigurationList = A448FF2E1D1626B90076F3FA /* Build configuration list for PBXNativeTarget "LLNavigationTests" */;
			buildPhases = (
				A448FF131D1626B90076F3FA /* Sources */,
				A448FF141D1626B90076F3FA /* Frameworks */,
				A448FF151D1626B90076F3FA /* Resources */,
			);
			buildRules = (
			);
			dependencies = (
				A448FF191D1626B90076F3FA /* PBXTargetDependency */,
			);
			name = LLNavigationTests;
			productName = LLNavigationTests;
			productReference = A448FF171D1626B90076F3FA /* LLNavigationTests.xctest */;
			productType = "com.apple.product-type.bundle.unit-test";
		};
		A448FF211D1626B90076F3FA /* LLNavigationUITests */ = {
			isa = PBXNativeTarget;
			buildConfigurationList = A448FF311D1626B90076F3FA /* Build configuration list for PBXNativeTarget "LLNavigationUITests" */;
			buildPhases = (
				A448FF1E1D1626B90076F3FA /* Sources */,
				A448FF1F1D1626B90076F3FA /* Frameworks */,
				A448FF201D1626B90076F3FA /* Resources */,
			);
			buildRules = (
			);
			dependencies = (
				A448FF241D1626B90076F3FA /* PBXTargetDependency */,
			);
			name = LLNavigationUITests;
			productName = LLNavigationUITests;
			productReference = A448FF221D1626B90076F3FA /* LLNavigationUITests.xctest */;
			productType = "com.apple.product-type.bundle.ui-testing";
		};
/* End PBXNativeTarget section */

/* Begin PBXProject section */
		A448FEF61D1626B90076F3FA /* Project object */ = {
			isa = PBXProject;
			attributes = {
				LastUpgradeCheck = 0720;
				ORGANIZATIONNAME = "李雷";
				TargetAttributes = {
					A448FEFD1D1626B90076F3FA = {
						CreatedOnToolsVersion = 7.2;
					};
					A448FF161D1626B90076F3FA = {
						CreatedOnToolsVersion = 7.2;
						TestTargetID = A448FEFD1D1626B90076F3FA;
					};
					A448FF211D1626B90076F3FA = {
						CreatedOnToolsVersion = 7.2;
						TestTargetID = A448FEFD1D1626B90076F3FA;
					};
				};
			};
			buildConfigurationList = A448FEF91D1626B90076F3FA /* Build configuration list for PBXProject "LLNavigation" */;
			compatibilityVersion = "Xcode 3.2";
			developmentRegion = English;
			hasScannedForEncodings = 0;
			knownRegions = (
				en,
				Base,
			);
			mainGroup = A448FEF51D1626B90076F3FA;
			productRefGroup = A448FEFF1D1626B90076F3FA /* Products */;
			projectDirPath = "";
			projectRoot = "";
			targets = (
				A448FEFD1D1626B90076F3FA /* LLNavigation */,
				A448FF161D1626B90076F3FA /* LLNavigationTests */,
				A448FF211D1626B90076F3FA /* LLNavigationUITests */,
			);
		};
/* End PBXProject section */

/* Begin PBXResourcesBuildPhase section */
		A448FEFC1D1626B90076F3FA /* Resources */ = {
			isa = PBXResourcesBuildPhase;
			buildActionMask = 2147483647;
			files = (
				A448FF111D1626B90076F3FA /* LaunchScreen.storyboard in Resources */,
				A448FF0E1D1626B90076F3FA /* Assets.xcassets in Resources */,
				A448FF0C1D1626B90076F3FA /* Main.storyboard in Resources */,
			);
			runOnlyForDeploymentPostprocessing = 0;
		};
		A448FF151D1626B90076F3FA /* Resources */ = {
			isa = PBXResourcesBuildPhase;
			buildActionMask = 2147483647;
			files = (
			);
			runOnlyForDeploymentPostprocessing = 0;
		};
		A448FF201D1626B90076F3FA /* Resources */ = {
			isa = PBXResourcesBuildPhase;
			buildActionMask = 2147483647;
			files = (
			);
			runOnlyForDeploymentPostprocessing = 0;
		};
/* End PBXResourcesBuildPhase section */

/* Begin PBXSourcesBuildPhase section */
		A448FEFA1D1626B90076F3FA /* Sources */ = {
			isa = PBXSourcesBuildPhase;
			buildActionMask = 2147483647;
			files = (
				A448FF3A1D16271B0076F3FA /* LLNavigationView.m in Sources */,
				A448FF091D1626B90076F3FA /* ViewController.m in Sources */,
				A448FF401D162CEB0076F3FA /* LLNavigationViewController.m in Sources */,
				A448FF061D1626B90076F3FA /* AppDelegate.m in Sources */,
				A448FF031D1626B90076F3FA /* main.m in Sources */,
			);
			runOnlyForDeploymentPostprocessing = 0;
		};
		A448FF131D1626B90076F3FA /* Sources */ = {
			isa = PBXSourcesBuildPhase;
			buildActionMask = 2147483647;
			files = (
				A448FF1C1D1626B90076F3FA /* LLNavigationTests.m in Sources */,
			);
			runOnlyForDeploymentPostprocessing = 0;
		};
		A448FF1E1D1626B90076F3FA /* Sources */ = {
			isa = PBXSourcesBuildPhase;
			buildActionMask = 2147483647;
			files = (
				A448FF271D1626B90076F3FA /* LLNavigationUITests.m in Sources */,
			);
			runOnlyForDeploymentPostprocessing = 0;
		};
/* End PBXSourcesBuildPhase section */

/* Begin PBXTargetDependency section */
		A448FF191D1626B90076F3FA /* PBXTargetDependency */ = {
			isa = PBXTargetDependency;
			target = A448FEFD1D1626B90076F3FA /* LLNavigation */;
			targetProxy = A448FF181D1626B90076F3FA /* PBXContainerItemProxy */;
		};
		A448FF241D1626B90076F3FA /* PBXTargetDependency */ = {
			isa = PBXTargetDependency;
			target = A448FEFD1D1626B90076F3FA /* LLNavigation */;
			targetProxy = A448FF231D1626B90076F3FA /* PBXContainerItemProxy */;
		};
/* End PBXTargetDependency section */

/* Begin PBXVariantGroup section */
		A448FF0A1D1626B90076F3FA /* Main.storyboard */ = {
			isa = PBXVariantGroup;
			children = (
				A448FF0B1D1626B90076F3FA /* Base */,
			);
			name = Main.storyboard;
			sourceTree = "<group>";
		};
		A448FF0F1D1626B90076F3FA /* LaunchScreen.storyboard */ = {
			isa = PBXVariantGroup;
			children = (
				A448FF101D1626B90076F3FA /* Base */,
			);
			name = LaunchScreen.storyboard;
			sourceTree = "<group>";
		};
/* End PBXVariantGroup section */

/* Begin XCBuildConfiguration section */
		A448FF291D1626B90076F3FA /* Debug */ = {
			isa = XCBuildConfiguration;
			buildSettings = {
				ALWAYS_SEARCH_USER_PATHS = NO;
				CLANG_CXX_LANGUAGE_STANDARD = "gnu++0x";
				CLANG_CXX_LIBRARY = "libc++";
				CLANG_ENABLE_MODULES = YES;
				CLANG_ENABLE_OBJC_ARC = YES;
				CLANG_WARN_BOOL_CONVERSION = YES;
				CLANG_WARN_CONSTANT_CONVERSION = YES;
				CLANG_WARN_DIRECT_OBJC_ISA_USAGE = YES_ERROR;
				CLANG_WARN_EMPTY_BODY = YES;
				CLANG_WARN_ENUM_CONVERSION = YES;
				CLANG_WARN_INT_CONVERSION = YES;
				CLANG_WARN_OBJC_ROOT_CLASS = YES_ERROR;
				CLANG_WARN_UNREACHABLE_CODE = YES;
				CLANG_WARN__DUPLICATE_METHOD_MATCH = YES;
				"CODE_SIGN_IDENTITY[sdk=iphoneos*]" = "iPhone Developer";
				COPY_PHASE_STRIP = NO;
				DEBUG_INFORMATION_FORMAT = dwarf;
				ENABLE_STRICT_OBJC_MSGSEND = YES;
				ENABLE_TESTABILITY = YES;
				GCC_C_LANGUAGE_STANDARD = gnu99;
				GCC_DYNAMIC_NO_PIC = NO;
				GCC_NO_COMMON_BLOCKS = YES;
				GCC_OPTIMIZATION_LEVEL = 0;
				GCC_PREPROCESSOR_DEFINITIONS = (
					"DEBUG=1",
					"$(inherited)",
				);
				GCC_WARN_64_TO_32_BIT_CONVERSION = YES;
				GCC_WARN_ABOUT_RETURN_TYPE = YES_ERROR;
				GCC_WARN_UNDECLARED_SELECTOR = YES;
				GCC_WARN_UNINITIALIZED_AUTOS = YES_AGGRESSIVE;
				GCC_WARN_UNUSED_FUNCTION = YES;
				GCC_WARN_UNUSED_VARIABLE = YES;
				IPHONEOS_DEPLOYMENT_TARGET = 9.2;
				MTL_ENABLE_DEBUG_INFO = YES;
				ONLY_ACTIVE_ARCH = YES;
				SDKROOT = iphoneos;
				TARGETED_DEVICE_FAMILY = "1,2";
			};
			name = Debug;
		};
		A448FF2A1D1626B90076F3FA /* Release */ = {
			isa = XCBuildConfiguration;
			buildSettings = {
				ALWAYS_SEARCH_USER_PATHS = NO;
				CLANG_CXX_LANGUAGE_STANDARD = "gnu++0x";
				CLANG_CXX_LIBRARY = "libc++";
				CLANG_ENABLE_MODULES = YES;
				CLANG_ENABLE_OBJC_ARC = YES;
				CLANG_WARN_BOOL_CONVERSION = YES;
				CLANG_WARN_CONSTANT_CONVERSION = YES;
				CLANG_WARN_DIRECT_OBJC_ISA_USAGE = YES_ERROR;
				CLANG_WARN_EMPTY_BODY = YES;
				CLANG_WARN_ENUM_CONVERSION = YES;
				CLANG_WARN_INT_CONVERSION = YES;
				CLANG_WARN_OBJC_ROOT_CLASS = YES_ERROR;
				CLANG_WARN_UNREACHABLE_CODE = YES;
				CLANG_WARN__DUPLICATE_METHOD_MATCH = YES;
				"CODE_SIGN_IDENTITY[sdk=iphoneos*]" = "iPhone Developer";
				COPY_PHASE_STRIP = NO;
				DEBUG_INFORMATION_FORMAT = "dwarf-with-dsym";
				ENABLE_NS_ASSERTIONS = NO;
				ENABLE_STRICT_OBJC_MSGSEND = YES;
				GCC_C_LANGUAGE_STANDARD = gnu99;
				GCC_NO_COMMON_BLOCKS = YES;
				GCC_WARN_64_TO_32_BIT_CONVERSION = YES;
				GCC_WARN_ABOUT_RETURN_TYPE = YES_ERROR;
				GCC_WARN_UNDECLARED_SELECTOR = YES;
				GCC_WARN_UNINITIALIZED_AUTOS = YES_AGGRESSIVE;
				GCC_WARN_UNUSED_FUNCTION = YES;
				GCC_WARN_UNUSED_VARIABLE = YES;
				IPHONEOS_DEPLOYMENT_TARGET = 9.2;
				MTL_ENABLE_DEBUG_INFO = NO;
				SDKROOT = iphoneos;
				TARGETED_DEVICE_FAMILY = "1,2";
				VALIDATE_PRODUCT = YES;
			};
			name = Release;
		};
		A448FF2C1D1626B90076F3FA /* Debug */ = {
			isa = XCBuildConfiguration;
			buildSettings = {
				ASSETCATALOG_COMPILER_APPICON_NAME = AppIcon;
				INFOPLIST_FILE = LLNavigation/Info.plist;
				LD_RUNPATH_SEARCH_PATHS = "$(inherited) @executable_path/Frameworks";
				PRODUCT_BUNDLE_IDENTIFIER = cn.edu.jlnu.web.LLNavigation;
				PRODUCT_NAME = "$(TARGET_NAME)";
			};
			name = Debug;
		};
		A448FF2D1D1626B90076F3FA /* Release */ = {
			isa = XCBuildConfiguration;
			buildSettings = {
				ASSETCATALOG_COMPILER_APPICON_NAME = AppIcon;
				INFOPLIST_FILE = LLNavigation/Info.plist;
				LD_RUNPATH_SEARCH_PATHS = "$(inherited) @executable_path/Frameworks";
				PRODUCT_BUNDLE_IDENTIFIER = cn.edu.jlnu.web.LLNavigation;
				PRODUCT_NAME = "$(TARGET_NAME)";
			};
			name = Release;
		};
		A448FF2F1D1626B90076F3FA /* Debug */ = {
			isa = XCBuildConfiguration;
			buildSettings = {
				BUNDLE_LOADER = "$(TEST_HOST)";
				INFOPLIST_FILE = LLNavigationTests/Info.plist;
				LD_RUNPATH_SEARCH_PATHS = "$(inherited) @executable_path/Frameworks @loader_path/Frameworks";
				PRODUCT_BUNDLE_IDENTIFIER = cn.edu.jlnu.web.LLNavigationTests;
				PRODUCT_NAME = "$(TARGET_NAME)";
				TEST_HOST = "$(BUILT_PRODUCTS_DIR)/LLNavigation.app/LLNavigation";
			};
			name = Debug;
		};
		A448FF301D1626B90076F3FA /* Release */ = {
			isa = XCBuildConfiguration;
			buildSettings = {
				BUNDLE_LOADER = "$(TEST_HOST)";
				INFOPLIST_FILE = LLNavigationTests/Info.plist;
				LD_RUNPATH_SEARCH_PATHS = "$(inherited) @executable_path/Frameworks @loader_path/Frameworks";
				PRODUCT_BUNDLE_IDENTIFIER = cn.edu.jlnu.web.LLNavigationTests;
				PRODUCT_NAME = "$(TARGET_NAME)";
				TEST_HOST = "$(BUILT_PRODUCTS_DIR)/LLNavigation.app/LLNavigation";
			};
			name = Release;
		};
		A448FF321D1626B90076F3FA /* Debug */ = {
			isa = XCBuildConfiguration;
			buildSettings = {
				INFOPLIST_FILE = LLNavigationUITests/Info.plist;
				LD_RUNPATH_SEARCH_PATHS = "$(inherited) @executable_path/Frameworks @loader_path/Frameworks";
				PRODUCT_BUNDLE_IDENTIFIER = cn.edu.jlnu.web.LLNavigationUITests;
				PRODUCT_NAME = "$(TARGET_NAME)";
				TEST_TARGET_NAME = LLNavigation;
				USES_XCTRUNNER = YES;
			};
			name = Debug;
		};
		A448FF331D1626B90076F3FA /* Release */ = {
			isa = XCBuildConfiguration;
			buildSettings = {
				INFOPLIST_FILE = LLNavigationUITests/Info.plist;
				LD_RUNPATH_SEARCH_PATHS = "$(inherited) @executable_path/Frameworks @loader_path/Frameworks";
				PRODUCT_BUNDLE_IDENTIFIER = cn.edu.jlnu.web.LLNavigationUITests;
				PRODUCT_NAME = "$(TARGET_NAME)";
				TEST_TARGET_NAME = LLNavigation;
				USES_XCTRUNNER = YES;
			};
			name = Release;
		};
/* End XCBuildConfiguration section */

/* Begin XCConfigurationList section */
		A448FEF91D1626B90076F3FA /* Build configuration list for PBXProject "LLNavigation" */ = {
			isa = XCConfigurationList;
			buildConfigurations = (
				A448FF291D1626B90076F3FA /* Debug */,
				A448FF2A1D1626B90076F3FA /* Release */,
			);
			defaultConfigurationIsVisible = 0;
			defaultConfigurationName = Release;
		};
		A448FF2B1D1626B90076F3FA /* Build configuration list for PBXNativeTarget "LLNavigation" */ = {
			isa = XCConfigurationList;
			buildConfigurations = (
				A448FF2C1D1626B90076F3FA /* Debug */,
				A448FF2D1D1626B90076F3FA /* Release */,
			);
			defaultConfigurationIsVisible = 0;
		};
		A448FF2E1D1626B90076F3FA /* Build configuration list for PBXNativeTarget "LLNavigationTests" */ = {
			isa = XCConfigurationList;
			buildConfigurations = (
				A448FF2F1D1626B90076F3FA /* Debug */,
				A448FF301D1626B90076F3FA /* Release */,
			);
			defaultConfigurationIsVisible = 0;
		};
		A448FF311D1626B90076F3FA /* Build configuration list for PBXNativeTarget "LLNavigationUITests" */ = {
			isa = XCConfigurationList;
			buildConfigurations = (
				A448FF321D1626B90076F3FA /* Debug */,
				A448FF331D1626B90076F3FA /* Release */,
			);
			defaultConfigurationIsVisible = 0;
		};
/* End XCConfigurationList section */
	};
	rootObject = A448FEF61D1626B90076F3FA /* Project object */;
}
